
Microsoft Visual Studio Solution File, Format Version 12.00
Project("{FAE04EC0-301F-11D3-BF4B-00C04F79EFBC}") = "Yippy.Identity", "Yippy.Identity\Yippy.Identity.csproj", "{A1999303-399C-42E8-94D6-FABF84D14616}"
EndProject
Project("{FAE04EC0-301F-11D3-BF4B-00C04F79EFBC}") = "Yippy.Common", "Yippy.Common\Yippy.Common.csproj", "{9055C3AC-3FC1-494C-B056-F37D25CCF43D}"
EndProject
Project("{FAE04EC0-301F-11D3-BF4B-00C04F79EFBC}") = "Yippy.Grpc", "Yippy.Grpc\Yippy.Grpc.csproj", "{947CBEAF-1C70-4E06-95A6-A08A38C8FA52}"
EndProject
Project("{FAE04EC0-301F-11D3-BF4B-00C04F79EFBC}") = "Yippy.Messaging", "Yippy.Messaging\Yippy.Messaging.csproj", "{6DA2A350-9E97-42A6-AB96-3A18601708C4}"
EndProject
Project("{2150E333-8FDC-42A3-9474-1A3956D46DE8}") = "Executables", "Executables", "{260C1E7D-C9A1-4386-9D9C-81D626DCFB14}"
EndProject
Project("{2150E333-8FDC-42A3-9474-1A3956D46DE8}") = "Libraries", "Libraries", "{DE8B597F-4794-4002-B9F4-66FA59042DA8}"
EndProject
Project("{FAE04EC0-301F-11D3-BF4B-00C04F79EFBC}") = "Yippy.Proxy", "Yippy.Proxy\Yippy.Proxy.csproj", "{33BA84E8-A64C-45E1-9B81-51437C412E30}"
EndProject
Project("{FAE04EC0-301F-11D3-BF4B-00C04F79EFBC}") = "Yippy.Emailing", "Yippy.Emailing\Yippy.Emailing.csproj", "{CEFFF333-1C45-411E-A729-1AAD4C85D437}"
EndProject
Project("{FAE04EC0-301F-11D3-BF4B-00C04F79EFBC}") = "Yippy.Caching", "Yippy.Caching\Yippy.Caching.csproj", "{15A6EB50-5B26-4DE9-AD30-D9E623B900CE}"
EndProject
Project("{FAE04EC0-301F-11D3-BF4B-00C04F79EFBC}") = "Yippy.News", "Yippy.News\Yippy.News.csproj", "{D6FB076D-6A2D-412E-8F8E-9FB9359A2FD4}"
EndProject
Project("{FAE04EC0-301F-11D3-BF4B-00C04F79EFBC}") = "Yippy.Web", "Yippy.Web\Yippy.Web.csproj", "{3E9A3BC5-92AD-44C3-AFE2-107636BE7EAC}"
EndProject
Global
	GlobalSection(SolutionConfigurationPlatforms) = preSolution
		Debug|Any CPU = Debug|Any CPU
		Release|Any CPU = Release|Any CPU
	EndGlobalSection
	GlobalSection(ProjectConfigurationPlatforms) = postSolution
		{A1999303-399C-42E8-94D6-FABF84D14616}.Debug|Any CPU.ActiveCfg = Debug|Any CPU
		{A1999303-399C-42E8-94D6-FABF84D14616}.Debug|Any CPU.Build.0 = Debug|Any CPU
		{A1999303-399C-42E8-94D6-FABF84D14616}.Release|Any CPU.ActiveCfg = Release|Any CPU
		{A1999303-399C-42E8-94D6-FABF84D14616}.Release|Any CPU.Build.0 = Release|Any CPU
		{9055C3AC-3FC1-494C-B056-F37D25CCF43D}.Debug|Any CPU.ActiveCfg = Debug|Any CPU
		{9055C3AC-3FC1-494C-B056-F37D25CCF43D}.Debug|Any CPU.Build.0 = Debug|Any CPU
		{9055C3AC-3FC1-494C-B056-F37D25CCF43D}.Release|Any CPU.ActiveCfg = Release|Any CPU
		{9055C3AC-3FC1-494C-B056-F37D25CCF43D}.Release|Any CPU.Build.0 = Release|Any CPU
		{947CBEAF-1C70-4E06-95A6-A08A38C8FA52}.Debug|Any CPU.ActiveCfg = Debug|Any CPU
		{947CBEAF-1C70-4E06-95A6-A08A38C8FA52}.Debug|Any CPU.Build.0 = Debug|Any CPU
		{947CBEAF-1C70-4E06-95A6-A08A38C8FA52}.Release|Any CPU.ActiveCfg = Release|Any CPU
		{947CBEAF-1C70-4E06-95A6-A08A38C8FA52}.Release|Any CPU.Build.0 = Release|Any CPU
		{6DA2A350-9E97-42A6-AB96-3A18601708C4}.Debug|Any CPU.ActiveCfg = Debug|Any CPU
		{6DA2A350-9E97-42A6-AB96-3A18601708C4}.Debug|Any CPU.Build.0 = Debug|Any CPU
		{6DA2A350-9E97-42A6-AB96-3A18601708C4}.Release|Any CPU.ActiveCfg = Release|Any CPU
		{6DA2A350-9E97-42A6-AB96-3A18601708C4}.Release|Any CPU.Build.0 = Release|Any CPU
		{33BA84E8-A64C-45E1-9B81-51437C412E30}.Debug|Any CPU.ActiveCfg = Debug|Any CPU
		{33BA84E8-A64C-45E1-9B81-51437C412E30}.Debug|Any CPU.Build.0 = Debug|Any CPU
		{33BA84E8-A64C-45E1-9B81-51437C412E30}.Release|Any CPU.ActiveCfg = Release|Any CPU
		{33BA84E8-A64C-45E1-9B81-51437C412E30}.Release|Any CPU.Build.0 = Release|Any CPU
		{CEFFF333-1C45-411E-A729-1AAD4C85D437}.Debug|Any CPU.ActiveCfg = Debug|Any CPU
		{CEFFF333-1C45-411E-A729-1AAD4C85D437}.Debug|Any CPU.Build.0 = Debug|Any CPU
		{CEFFF333-1C45-411E-A729-1AAD4C85D437}.Release|Any CPU.ActiveCfg = Release|Any CPU
		{CEFFF333-1C45-411E-A729-1AAD4C85D437}.Release|Any CPU.Build.0 = Release|Any CPU
		{15A6EB50-5B26-4DE9-AD30-D9E623B900CE}.Debug|Any CPU.ActiveCfg = Debug|Any CPU
		{15A6EB50-5B26-4DE9-AD30-D9E623B900CE}.Debug|Any CPU.Build.0 = Debug|Any CPU
		{15A6EB50-5B26-4DE9-AD30-D9E623B900CE}.Release|Any CPU.ActiveCfg = Release|Any CPU
		{15A6EB50-5B26-4DE9-AD30-D9E623B900CE}.Release|Any CPU.Build.0 = Release|Any CPU
		{D6FB076D-6A2D-412E-8F8E-9FB9359A2FD4}.Debug|Any CPU.ActiveCfg = Debug|Any CPU
		{D6FB076D-6A2D-412E-8F8E-9FB9359A2FD4}.Debug|Any CPU.Build.0 = Debug|Any CPU
		{D6FB076D-6A2D-412E-8F8E-9FB9359A2FD4}.Release|Any CPU.ActiveCfg = Release|Any CPU
		{D6FB076D-6A2D-412E-8F8E-9FB9359A2FD4}.Release|Any CPU.Build.0 = Release|Any CPU
		{3E9A3BC5-92AD-44C3-AFE2-107636BE7EAC}.Debug|Any CPU.ActiveCfg = Debug|Any CPU
		{3E9A3BC5-92AD-44C3-AFE2-107636BE7EAC}.Debug|Any CPU.Build.0 = Debug|Any CPU
		{3E9A3BC5-92AD-44C3-AFE2-107636BE7EAC}.Release|Any CPU.ActiveCfg = Release|Any CPU
		{3E9A3BC5-92AD-44C3-AFE2-107636BE7EAC}.Release|Any CPU.Build.0 = Release|Any CPU
	EndGlobalSection
	GlobalSection(NestedProjects) = preSolution
		{A1999303-399C-42E8-94D6-FABF84D14616} = {260C1E7D-C9A1-4386-9D9C-81D626DCFB14}
		{9055C3AC-3FC1-494C-B056-F37D25CCF43D} = {DE8B597F-4794-4002-B9F4-66FA59042DA8}
		{947CBEAF-1C70-4E06-95A6-A08A38C8FA52} = {DE8B597F-4794-4002-B9F4-66FA59042DA8}
		{6DA2A350-9E97-42A6-AB96-3A18601708C4} = {DE8B597F-4794-4002-B9F4-66FA59042DA8}
		{33BA84E8-A64C-45E1-9B81-51437C412E30} = {260C1E7D-C9A1-4386-9D9C-81D626DCFB14}
		{CEFFF333-1C45-411E-A729-1AAD4C85D437} = {260C1E7D-C9A1-4386-9D9C-81D626DCFB14}
		{15A6EB50-5B26-4DE9-AD30-D9E623B900CE} = {DE8B597F-4794-4002-B9F4-66FA59042DA8}
		{D6FB076D-6A2D-412E-8F8E-9FB9359A2FD4} = {260C1E7D-C9A1-4386-9D9C-81D626DCFB14}
		{3E9A3BC5-92AD-44C3-AFE2-107636BE7EAC} = {260C1E7D-C9A1-4386-9D9C-81D626DCFB14}
	EndGlobalSection
EndGlobal
